
Microsoft Visual Studio Solution File, Format Version 12.00
# Visual Studio Version 17
VisualStudioVersion = 17.4.33110.190
MinimumVisualStudioVersion = 10.0.40219.1
Project("{FAE04EC0-301F-11D3-BF4B-00C04F79EFBC}") = "VacationWebApp", "VacationWebApp\VacationWebApp.csproj", "{050B8AC6-6BBD-440B-87A1-7094904776D3}"
EndProject
Global
	GlobalSection(SolutionConfigurationPlatforms) = preSolution
		Debug|Any CPU = Debug|Any CPU
		Release|Any CPU = Release|Any CPU
	EndGlobalSection
	GlobalSection(ProjectConfigurationPlatforms) = postSolution
		{050B8AC6-6BBD-440B-87A1-7094904776D3}.Debug|Any CPU.ActiveCfg = Debug|Any CPU
		{050B8AC6-6BBD-440B-87A1-7094904776D3}.Debug|Any CPU.Build.0 = Debug|Any CPU
		{050B8AC6-6BBD-440B-87A1-7094904776D3}.Release|Any CPU.ActiveCfg = Release|Any CPU
		{050B8AC6-6BBD-440B-87A1-7094904776D3}.Release|Any CPU.Build.0 = Release|Any CPU
	EndGlobalSection
	GlobalSection(SolutionProperties) = preSolution
		HideSolutionNode = FALSE
	EndGlobalSection
	GlobalSection(ExtensibilityGlobals) = postSolution
		SolutionGuid = {7E60AE57-4230-46B8-A581-39A496119CD2}
	EndGlobalSection
EndGlobal
